
Microsoft Visual Studio Solution File, Format Version 12.00
# Visual Studio Version 16
VisualStudioVersion = 16.0.34601.136
MinimumVisualStudioVersion = 10.0.40219.1
Project("{FAE04EC0-301F-11D3-BF4B-00C04F79EFBC}") = "TrabalhoFinalPOO", "TrabalhoFinalPOO\TrabalhoFinalPOO.csproj", "{FA9100E2-5768-48A2-AB7B-DD5B62B99CD4}"
EndProject
Global
	GlobalSection(SolutionConfigurationPlatforms) = preSolution
		Debug|Any CPU = Debug|Any CPU
		Release|Any CPU = Release|Any CPU
	EndGlobalSection
	GlobalSection(ProjectConfigurationPlatforms) = postSolution
		{FA9100E2-5768-48A2-AB7B-DD5B62B99CD4}.Debug|Any CPU.ActiveCfg = Debug|Any CPU
		{FA9100E2-5768-48A2-AB7B-DD5B62B99CD4}.Debug|Any CPU.Build.0 = Debug|Any CPU
		{FA9100E2-5768-48A2-AB7B-DD5B62B99CD4}.Release|Any CPU.ActiveCfg = Release|Any CPU
		{FA9100E2-5768-48A2-AB7B-DD5B62B99CD4}.Release|Any CPU.Build.0 = Release|Any CPU
	EndGlobalSection
	GlobalSection(SolutionProperties) = preSolution
		HideSolutionNode = FALSE
	EndGlobalSection
	GlobalSection(ExtensibilityGlobals) = postSolution
		SolutionGuid = {6B97287F-4FA3-458A-B48C-DBDD3C48E293}
	EndGlobalSection
EndGlobal
